// !$*UTF8*$!
{
	archiveVersion = 1;
	classes = {
	};
	objectVersion = 46;
	objects = {

/* Begin PBXBuildFile section */
		47ECFB6A1B1C8DF300B46FC1 /* AppDelegate.swift in Sources */ = {isa = PBXBuildFile; fileRef = 47ECFB691B1C8DF300B46FC1 /* AppDelegate.swift */; };
		47ECFB6C1B1C8DF300B46FC1 /* ViewController.swift in Sources */ = {isa = PBXBuildFile; fileRef = 47ECFB6B1B1C8DF300B46FC1 /* ViewController.swift */; };
		47ECFB6F1B1C8DF300B46FC1 /* Main.storyboard in Resources */ = {isa = PBXBuildFile; fileRef = 47ECFB6D1B1C8DF300B46FC1 /* Main.storyboard */; };
		47ECFB711B1C8DF300B46FC1 /* Images.xcassets in Resources */ = {isa = PBXBuildFile; fileRef = 47ECFB701B1C8DF300B46FC1 /* Images.xcassets */; };
		47ECFB741B1C8DF300B46FC1 /* LaunchScreen.xib in Resources */ = {isa = PBXBuildFile; fileRef = 47ECFB721B1C8DF300B46FC1 /* LaunchScreen.xib */; };
		47ECFB801B1C8DF300B46FC1 /* SeguesTests.swift in Sources */ = {isa = PBXBuildFile; fileRef = 47ECFB7F1B1C8DF300B46FC1 /* SeguesTests.swift */; };
/* End PBXBuildFile section */

/* Begin PBXContainerItemProxy section */
		47ECFB7A1B1C8DF300B46FC1 /* PBXContainerItemProxy */ = {
			isa = PBXContainerItemProxy;
			containerPortal = 47ECFB5C1B1C8DF200B46FC1 /* Project object */;
			proxyType = 1;
			remoteGlobalIDString = 47ECFB631B1C8DF300B46FC1;
			remoteInfo = Segues;
		};
/* End PBXContainerItemProxy section */

/* Begin PBXFileReference section */
		47ECFB641B1C8DF300B46FC1 /* Segues.app */ = {isa = PBXFileReference; explicitFileType = wrapper.application; includeInIndex = 0; path = Segues.app; sourceTree = BUILT_PRODUCTS_DIR; };
		47ECFB681B1C8DF300B46FC1 /* Info.plist */ = {isa = PBXFileReference; lastKnownFileType = text.plist.xml; path = Info.plist; sourceTree = "<group>"; };
		47ECFB691B1C8DF300B46FC1 /* AppDelegate.swift */ = {isa = PBXFileReference; lastKnownFileType = sourcecode.swift; path = AppDelegate.swift; sourceTree = "<group>"; };
		47ECFB6B1B1C8DF300B46FC1 /* ViewController.swift */ = {isa = PBXFileReference; lastKnownFileType = sourcecode.swift; path = ViewController.swift; sourceTree = "<group>"; };
		47ECFB6E1B1C8DF300B46FC1 /* Base */ = {isa = PBXFileReference; lastKnownFileType = file.storyboard; name = Base; path = Base.lproj/Main.storyboard; sourceTree = "<group>"; };
		47ECFB701B1C8DF300B46FC1 /* Images.xcassets */ = {isa = PBXFileReference; lastKnownFileType = folder.assetcatalog; path = Images.xcassets; sourceTree = "<group>"; };
		47ECFB731B1C8DF300B46FC1 /* Base */ = {isa = PBXFileReference; lastKnownFileType = file.xib; name = Base; path = Base.lproj/LaunchScreen.xib; sourceTree = "<group>"; };
		47ECFB791B1C8DF300B46FC1 /* SeguesTests.xctest */ = {isa = PBXFileReference; explicitFileType = wrapper.cfbundle; includeInIndex = 0; path = SeguesTests.xctest; sourceTree = BUILT_PRODUCTS_DIR; };
		47ECFB7E1B1C8DF300B46FC1 /* Info.plist */ = {isa = PBXFileReference; lastKnownFileType = text.plist.xml; path = Info.plist; sourceTree = "<group>"; };
		47ECFB7F1B1C8DF300B46FC1 /* SeguesTests.swift */ = {isa = PBXFileReference; lastKnownFileType = sourcecode.swift; path = SeguesTests.swift; sourceTree = "<group>"; };
/* End PBXFileReference section */

/* Begin PBXFrameworksBuildPhase section */
		47ECFB611B1C8DF300B46FC1 /* Frameworks */ = {
			isa = PBXFrameworksBuildPhase;
			buildActionMask = 2147483647;
			files = (
			);
			runOnlyForDeploymentPostprocessing = 0;
		};
		47ECFB761B1C8DF300B46FC1 /* Frameworks */ = {
			isa = PBXFrameworksBuildPhase;
			buildActionMask = 2147483647;
			files = (
			);
			runOnlyForDeploymentPostprocessing = 0;
		};
/* End PBXFrameworksBuildPhase section */

/* Begin PBXGroup section */
		47ECFB5B1B1C8DF200B46FC1 = {
			isa = PBXGroup;
			children = (
				47ECFB661B1C8DF300B46FC1 /* Segues */,
				47ECFB7C1B1C8DF300B46FC1 /* SeguesTests */,
				47ECFB651B1C8DF300B46FC1 /* Products */,
			);
			sourceTree = "<group>";
		};
		47ECFB651B1C8DF300B46FC1 /* Products */ = {
			isa = PBXGroup;
			children = (
				47ECFB641B1C8DF300B46FC1 /* Segues.app */,
				47ECFB791B1C8DF300B46FC1 /* SeguesTests.xctest */,
			);
			name = Products;
			sourceTree = "<group>";
		};
		47ECFB661B1C8DF300B46FC1 /* Segues */ = {
			isa = PBXGroup;
			children = (
				47ECFB691B1C8DF300B46FC1 /* AppDelegate.swift */,
				47ECFB6B1B1C8DF300B46FC1 /* ViewController.swift */,
				47ECFB6D1B1C8DF300B46FC1 /* Main.storyboard */,
				47ECFB701B1C8DF300B46FC1 /* Images.xcassets */,
				47ECFB721B1C8DF300B46FC1 /* LaunchScreen.xib */,
				47ECFB671B1C8DF300B46FC1 /* Supporting Files */,
			);
			path = Segues;
			sourceTree = "<group>";
		};
		47ECFB671B1C8DF300B46FC1 /* Supporting Files */ = {
			isa = PBXGroup;
			children = (
				47ECFB681B1C8DF300B46FC1 /* Info.plist */,
			);
			name = "Supporting Files";
			sourceTree = "<group>";
		};
		47ECFB7C1B1C8DF300B46FC1 /* SeguesTests */ = {
			isa = PBXGroup;
			children = (
				47ECFB7F1B1C8DF300B46FC1 /* SeguesTests.swift */,
				47ECFB7D1B1C8DF300B46FC1 /* Supporting Files */,
			);
			path = SeguesTests;
			sourceTree = "<group>";
		};
		47ECFB7D1B1C8DF300B46FC1 /* Supporting Files */ = {
			isa = PBXGroup;
			children = (
				47ECFB7E1B1C8DF300B46FC1 /* Info.plist */,
			);
			name = "Supporting Files";
			sourceTree = "<group>";
		};
/* End PBXGroup section */

/* Begin PBXNativeTarget section */
		47ECFB631B1C8DF300B46FC1 /* Segues */ = {
			isa = PBXNativeTarget;
			buildConfigurationList = 47ECFB831B1C8DF300B46FC1 /* Build configuration list for PBXNativeTarget "Segues" */;
			buildPhases = (
				47ECFB601B1C8DF300B46FC1 /* Sources */,
				47ECFB611B1C8DF300B46FC1 /* Frameworks */,
				47ECFB621B1C8DF300B46FC1 /* Resources */,
			);
			buildRules = (
			);
			dependencies = (
			);
			name = Segues;
			productName = Segues;
			productReference = 47ECFB641B1C8DF300B46FC1 /* Segues.app */;
			productType = "com.apple.product-type.application";
		};
		47ECFB781B1C8DF300B46FC1 /* SeguesTests */ = {
			isa = PBXNativeTarget;
			buildConfigurationList = 47ECFB861B1C8DF300B46FC1 /* Build configuration list for PBXNativeTarget "SeguesTests" */;
			buildPhases = (
				47ECFB751B1C8DF300B46FC1 /* Sources */,
				47ECFB761B1C8DF300B46FC1 /* Frameworks */,
				47ECFB771B1C8DF300B46FC1 /* Resources */,
			);
			buildRules = (
			);
			dependencies = (
				47ECFB7B1B1C8DF300B46FC1 /* PBXTargetDependency */,
			);
			name = SeguesTests;
			productName = SeguesTests;
			productReference = 47ECFB791B1C8DF300B46FC1 /* SeguesTests.xctest */;
			productType = "com.apple.product-type.bundle.unit-test";
		};
/* End PBXNativeTarget section */

/* Begin PBXProject section */
		47ECFB5C1B1C8DF200B46FC1 /* Project object */ = {
			isa = PBXProject;
			attributes = {
				LastUpgradeCheck = 0630;
				ORGANIZATIONNAME = iDev;
				TargetAttributes = {
					47ECFB631B1C8DF300B46FC1 = {
						CreatedOnToolsVersion = 6.3.1;
					};
					47ECFB781B1C8DF300B46FC1 = {
						CreatedOnToolsVersion = 6.3.1;
						TestTargetID = 47ECFB631B1C8DF300B46FC1;
					};
				};
			};
			buildConfigurationList = 47ECFB5F1B1C8DF200B46FC1 /* Build configuration list for PBXProject "Segues" */;
			compatibilityVersion = "Xcode 3.2";
			developmentRegion = English;
			hasScannedForEncodings = 0;
			knownRegions = (
				en,
				Base,
			);
			mainGroup = 47ECFB5B1B1C8DF200B46FC1;
			productRefGroup = 47ECFB651B1C8DF300B46FC1 /* Products */;
			projectDirPath = "";
			projectRoot = "";
			targets = (
				47ECFB631B1C8DF300B46FC1 /* Segues */,
				47ECFB781B1C8DF300B46FC1 /* SeguesTests */,
			);
		};
/* End PBXProject section */

/* Begin PBXResourcesBuildPhase section */
		47ECFB621B1C8DF300B46FC1 /* Resources */ = {
			isa = PBXResourcesBuildPhase;
			buildActionMask = 2147483647;
			files = (
				47ECFB6F1B1C8DF300B46FC1 /* Main.storyboard in Resources */,
				47ECFB741B1C8DF300B46FC1 /* LaunchScreen.xib in Resources */,
				47ECFB711B1C8DF300B46FC1 /* Images.xcassets in Resources */,
			);
			runOnlyForDeploymentPostprocessing = 0;
		};
		47ECFB771B1C8DF300B46FC1 /* Resources */ = {
			isa = PBXResourcesBuildPhase;
			buildActionMask = 2147483647;
			files = (
			);
			runOnlyForDeploymentPostprocessing = 0;
		};
/* End PBXResourcesBuildPhase section */

/* Begin PBXSourcesBuildPhase section */
		47ECFB601B1C8DF300B46FC1 /* Sources */ = {
			isa = PBXSourcesBuildPhase;
			buildActionMask = 2147483647;
			files = (
				47ECFB6C1B1C8DF300B46FC1 /* ViewController.swift in Sources */,
				47ECFB6A1B1C8DF300B46FC1 /* AppDelegate.swift in Sources */,
			);
			runOnlyForDeploymentPostprocessing = 0;
		};
		47ECFB751B1C8DF300B46FC1 /* Sources */ = {
			isa = PBXSourcesBuildPhase;
			buildActionMask = 2147483647;
			files = (
				47ECFB801B1C8DF300B46FC1 /* SeguesTests.swift in Sources */,
			);
			runOnlyForDeploymentPostprocessing = 0;
		};
/* End PBXSourcesBuildPhase section */

/* Begin PBXTargetDependency section */
		47ECFB7B1B1C8DF300B46FC1 /* PBXTargetDependency */ = {
			isa = PBXTargetDependency;
			target = 47ECFB631B1C8DF300B46FC1 /* Segues */;
			targetProxy = 47ECFB7A1B1C8DF300B46FC1 /* PBXContainerItemProxy */;
		};
/* End PBXTargetDependency section */

/* Begin PBXVariantGroup section */
		47ECFB6D1B1C8DF300B46FC1 /* Main.storyboard */ = {
			isa = PBXVariantGroup;
			children = (
				47ECFB6E1B1C8DF300B46FC1 /* Base */,
			);
			name = Main.storyboard;
			sourceTree = "<group>";
		};
		47ECFB721B1C8DF300B46FC1 /* LaunchScreen.xib */ = {
			isa = PBXVariantGroup;
			children = (
				47ECFB731B1C8DF300B46FC1 /* Base */,
			);
			name = LaunchScreen.xib;
			sourceTree = "<group>";
		};
/* End PBXVariantGroup section */

/* Begin XCBuildConfiguration section */
		47ECFB811B1C8DF300B46FC1 /* Debug */ = {
			isa = XCBuildConfiguration;
			buildSettings = {
				ALWAYS_SEARCH_USER_PATHS = NO;
				CLANG_CXX_LANGUAGE_STANDARD = "gnu++0x";
				CLANG_CXX_LIBRARY = "libc++";
				CLANG_ENABLE_MODULES = YES;
				CLANG_ENABLE_OBJC_ARC = YES;
				CLANG_WARN_BOOL_CONVERSION = YES;
				CLANG_WARN_CONSTANT_CONVERSION = YES;
				CLANG_WARN_DIRECT_OBJC_ISA_USAGE = YES_ERROR;
				CLANG_WARN_EMPTY_BODY = YES;
				CLANG_WARN_ENUM_CONVERSION = YES;
				CLANG_WARN_INT_CONVERSION = YES;
				CLANG_WARN_OBJC_ROOT_CLASS = YES_ERROR;
				CLANG_WARN_UNREACHABLE_CODE = YES;
				CLANG_WARN__DUPLICATE_METHOD_MATCH = YES;
				"CODE_SIGN_IDENTITY[sdk=iphoneos*]" = "iPhone Developer";
				COPY_PHASE_STRIP = NO;
				DEBUG_INFORMATION_FORMAT = "dwarf-with-dsym";
				ENABLE_STRICT_OBJC_MSGSEND = YES;
				GCC_C_LANGUAGE_STANDARD = gnu99;
				GCC_DYNAMIC_NO_PIC = NO;
				GCC_NO_COMMON_BLOCKS = YES;
				GCC_OPTIMIZATION_LEVEL = 0;
				GCC_PREPROCESSOR_DEFINITIONS = (
					"DEBUG=1",
					"$(inherited)",
				);
				GCC_SYMBOLS_PRIVATE_EXTERN = NO;
				GCC_WARN_64_TO_32_BIT_CONVERSION = YES;
				GCC_WARN_ABOUT_RETURN_TYPE = YES_ERROR;
				GCC_WARN_UNDECLARED_SELECTOR = YES;
				GCC_WARN_UNINITIALIZED_AUTOS = YES_AGGRESSIVE;
				GCC_WARN_UNUSED_FUNCTION = YES;
				GCC_WARN_UNUSED_VARIABLE = YES;
				IPHONEOS_DEPLOYMENT_TARGET = 8.3;
				MTL_ENABLE_DEBUG_INFO = YES;
				ONLY_ACTIVE_ARCH = YES;
				SDKROOT = iphoneos;
				SWIFT_OPTIMIZATION_LEVEL = "-Onone";
				TARGETED_DEVICE_FAMILY = "1,2";
			};
			name = Debug;
		};
		47ECFB821B1C8DF300B46FC1 /* Release */ = {
			isa = XCBuildConfiguration;
			buildSettings = {
				ALWAYS_SEARCH_USER_PATHS = NO;
				CLANG_CXX_LANGUAGE_STANDARD = "gnu++0x";
				CLANG_CXX_LIBRARY = "libc++";
				CLANG_ENABLE_MODULES = YES;
				CLANG_ENABLE_OBJC_ARC = YES;
				CLANG_WARN_BOOL_CONVERSION = YES;
				CLANG_WARN_CONSTANT_CONVERSION = YES;
				CLANG_WARN_DIRECT_OBJC_ISA_USAGE = YES_ERROR;
				CLANG_WARN_EMPTY_BODY = YES;
				CLANG_WARN_ENUM_CONVERSION = YES;
				CLANG_WARN_INT_CONVERSION = YES;
				CLANG_WARN_OBJC_ROOT_CLASS = YES_ERROR;
				CLANG_WARN_UNREACHABLE_CODE = YES;
				CLANG_WARN__DUPLICATE_METHOD_MATCH = YES;
				"CODE_SIGN_IDENTITY[sdk=iphoneos*]" = "iPhone Developer";
				COPY_PHASE_STRIP = NO;
				DEBUG_INFORMATION_FORMAT = "dwarf-with-dsym";
				ENABLE_NS_ASSERTIONS = NO;
				ENABLE_STRICT_OBJC_MSGSEND = YES;
				GCC_C_LANGUAGE_STANDARD = gnu99;
				GCC_NO_COMMON_BLOCKS = YES;
				GCC_WARN_64_TO_32_BIT_CONVERSION = YES;
				GCC_WARN_ABOUT_RETURN_TYPE = YES_ERROR;
				GCC_WARN_UNDECLARED_SELECTOR = YES;
				GCC_WARN_UNINITIALIZED_AUTOS = YES_AGGRESSIVE;
				GCC_WARN_UNUSED_FUNCTION = YES;
				GCC_WARN_UNUSED_VARIABLE = YES;
				IPHONEOS_DEPLOYMENT_TARGET = 8.3;
				MTL_ENABLE_DEBUG_INFO = NO;
				SDKROOT = iphoneos;
				TARGETED_DEVICE_FAMILY = "1,2";
				VALIDATE_PRODUCT = YES;
			};
			name = Release;
		};
		47ECFB841B1C8DF300B46FC1 /* Debug */ = {
			isa = XCBuildConfiguration;
			buildSettings = {
				ASSETCATALOG_COMPILER_APPICON_NAME = AppIcon;
				INFOPLIST_FILE = Segues/Info.plist;
				LD_RUNPATH_SEARCH_PATHS = "$(inherited) @executable_path/Frameworks";
				PRODUCT_NAME = "$(TARGET_NAME)";
			};
			name = Debug;
		};
		47ECFB851B1C8DF300B46FC1 /* Release */ = {
			isa = XCBuildConfiguration;
			buildSettings = {
				ASSETCATALOG_COMPILER_APPICON_NAME = AppIcon;
				INFOPLIST_FILE = Segues/Info.plist;
				LD_RUNPATH_SEARCH_PATHS = "$(inherited) @executable_path/Frameworks";
				PRODUCT_NAME = "$(TARGET_NAME)";
			};
			name = Release;
		};
		47ECFB871B1C8DF300B46FC1 /* Debug */ = {
			isa = XCBuildConfiguration;
			buildSettings = {
				BUNDLE_LOADER = "$(TEST_HOST)";
				FRAMEWORK_SEARCH_PATHS = (
					"$(SDKROOT)/Developer/Library/Frameworks",
					"$(inherited)",
				);
				GCC_PREPROCESSOR_DEFINITIONS = (
					"DEBUG=1",
					"$(inherited)",
				);
				INFOPLIST_FILE = SeguesTests/Info.plist;
				LD_RUNPATH_SEARCH_PATHS = "$(inherited) @executable_path/Frameworks @loader_path/Frameworks";
				PRODUCT_NAME = "$(TARGET_NAME)";
				TEST_HOST = "$(BUILT_PRODUCTS_DIR)/Segues.app/Segues";
			};
			name = Debug;
		};
		47ECFB881B1C8DF300B46FC1 /* Release */ = {
			isa = XCBuildConfiguration;
			buildSettings = {
				BUNDLE_LOADER = "$(TEST_HOST)";
				FRAMEWORK_SEARCH_PATHS = (
					"$(SDKROOT)/Developer/Library/Frameworks",
					"$(inherited)",
				);
				INFOPLIST_FILE = SeguesTests/Info.plist;
				LD_RUNPATH_SEARCH_PATHS = "$(inherited) @executable_path/Frameworks @loader_path/Frameworks";
				PRODUCT_NAME = "$(TARGET_NAME)";
				TEST_HOST = "$(BUILT_PRODUCTS_DIR)/Segues.app/Segues";
			};
			name = Release;
		};
/* End XCBuildConfiguration section */

/* Begin XCConfigurationList section */
		47ECFB5F1B1C8DF200B46FC1 /* Build configuration list for PBXProject "Segues" */ = {
			isa = XCConfigurationList;
			buildConfigurations = (
				47ECFB811B1C8DF300B46FC1 /* Debug */,
				47ECFB821B1C8DF300B46FC1 /* Release */,
			);
			defaultConfigurationIsVisible = 0;
			defaultConfigurationName = Release;
		};
		47ECFB831B1C8DF300B46FC1 /* Build configuration list for PBXNativeTarget "Segues" */ = {
			isa = XCConfigurationList;
			buildConfigurations = (
				47ECFB841B1C8DF300B46FC1 /* Debug */,
				47ECFB851B1C8DF300B46FC1 /* Release */,
			);
			defaultConfigurationIsVisible = 0;
		};
		47ECFB861B1C8DF300B46FC1 /* Build configuration list for PBXNativeTarget "SeguesTests" */ = {
			isa = XCConfigurationList;
			buildConfigurations = (
				47ECFB871B1C8DF300B46FC1 /* Debug */,
				47ECFB881B1C8DF300B46FC1 /* Release */,
			);
			defaultConfigurationIsVisible = 0;
		};
/* End XCConfigurationList section */
	};
	rootObject = 47ECFB5C1B1C8DF200B46FC1 /* Project object */;
}
